
Microsoft Visual Studio Solution File, Format Version 12.00
# Visual Studio 2017
Project("{FAE04EC0-301F-11D3-BF4B-00C04F79EFBC}") = "MGO_Alpha", "MGO_Alpha.csproj", "{831BCCCC-4349-76A0-ABBB-66EBE41D4117}"
EndProject
Project("{FAE04EC0-301F-11D3-BF4B-00C04F79EFBC}") = "MGO_Alpha.Editor", "MGO_Alpha.Editor.csproj", "{429DC267-712D-BE31-F03E-3ED883B93D80}"
EndProject
Project("{FAE04EC0-301F-11D3-BF4B-00C04F79EFBC}") = "MGO_Alpha.Editor.Plugins", "MGO_Alpha.Editor.Plugins.csproj", "{4DDD44E1-600A-FB3D-4168-5227717B9196}"
EndProject
Global
	GlobalSection(SolutionConfigurationPlatforms) = preSolution
		Debug|Any CPU = Debug|Any CPU
		Release|Any CPU = Release|Any CPU
	EndGlobalSection
	GlobalSection(ProjectConfigurationPlatforms) = postSolution
		{831BCCCC-4349-76A0-ABBB-66EBE41D4117}.Debug|Any CPU.ActiveCfg = Debug|Any CPU
		{831BCCCC-4349-76A0-ABBB-66EBE41D4117}.Debug|Any CPU.Build.0 = Debug|Any CPU
		{831BCCCC-4349-76A0-ABBB-66EBE41D4117}.Release|Any CPU.ActiveCfg = Release|Any CPU
		{831BCCCC-4349-76A0-ABBB-66EBE41D4117}.Release|Any CPU.Build.0 = Release|Any CPU
		{429DC267-712D-BE31-F03E-3ED883B93D80}.Debug|Any CPU.ActiveCfg = Debug|Any CPU
		{429DC267-712D-BE31-F03E-3ED883B93D80}.Debug|Any CPU.Build.0 = Debug|Any CPU
		{429DC267-712D-BE31-F03E-3ED883B93D80}.Release|Any CPU.ActiveCfg = Release|Any CPU
		{429DC267-712D-BE31-F03E-3ED883B93D80}.Release|Any CPU.Build.0 = Release|Any CPU
		{4DDD44E1-600A-FB3D-4168-5227717B9196}.Debug|Any CPU.ActiveCfg = Debug|Any CPU
		{4DDD44E1-600A-FB3D-4168-5227717B9196}.Debug|Any CPU.Build.0 = Debug|Any CPU
		{4DDD44E1-600A-FB3D-4168-5227717B9196}.Release|Any CPU.ActiveCfg = Release|Any CPU
		{4DDD44E1-600A-FB3D-4168-5227717B9196}.Release|Any CPU.Build.0 = Release|Any CPU
	EndGlobalSection
	GlobalSection(SolutionProperties) = preSolution
		HideSolutionNode = FALSE
	EndGlobalSection
EndGlobal
